
Microsoft Visual Studio Solution File, Format Version 12.00
# Visual Studio Version 17
VisualStudioVersion = 17.3.32929.385
MinimumVisualStudioVersion = 10.0.40219.1
Project("{FAE04EC0-301F-11D3-BF4B-00C04F79EFBC}") = "NoEndlessRounds", "NoEndlessRounds\NoEndlessRounds.csproj", "{7C3644C8-3FA7-434D-8A6F-D57AAE6259DD}"
EndProject
Global
	GlobalSection(SolutionConfigurationPlatforms) = preSolution
		Debug|Any CPU = Debug|Any CPU
		Release|Any CPU = Release|Any CPU
	EndGlobalSection
	GlobalSection(ProjectConfigurationPlatforms) = postSolution
		{7C3644C8-3FA7-434D-8A6F-D57AAE6259DD}.Debug|Any CPU.ActiveCfg = Debug|Any CPU
		{7C3644C8-3FA7-434D-8A6F-D57AAE6259DD}.Debug|Any CPU.Build.0 = Debug|Any CPU
		{7C3644C8-3FA7-434D-8A6F-D57AAE6259DD}.Release|Any CPU.ActiveCfg = Release|Any CPU
		{7C3644C8-3FA7-434D-8A6F-D57AAE6259DD}.Release|Any CPU.Build.0 = Release|Any CPU
	EndGlobalSection
	GlobalSection(SolutionProperties) = preSolution
		HideSolutionNode = FALSE
	EndGlobalSection
	GlobalSection(ExtensibilityGlobals) = postSolution
		SolutionGuid = {FEF70849-77F0-4896-A92F-DABFFBCF93A7}
	EndGlobalSection
EndGlobal
